
Microsoft Visual Studio Solution File, Format Version 12.00
# Visual Studio 15
VisualStudioVersion = 15.0.27428.2043
MinimumVisualStudioVersion = 10.0.40219.1
Project("{FAE04EC0-301F-11D3-BF4B-00C04F79EFBC}") = "smso-migration", "smso-migration\smso-migration.csproj", "{635F2BA4-057C-42AF-B157-E407E8A8DC29}"
EndProject
Global
	GlobalSection(SolutionConfigurationPlatforms) = preSolution
		Debug|Any CPU = Debug|Any CPU
		Release|Any CPU = Release|Any CPU
	EndGlobalSection
	GlobalSection(ProjectConfigurationPlatforms) = postSolution
		{635F2BA4-057C-42AF-B157-E407E8A8DC29}.Debug|Any CPU.ActiveCfg = Debug|Any CPU
		{635F2BA4-057C-42AF-B157-E407E8A8DC29}.Debug|Any CPU.Build.0 = Debug|Any CPU
		{635F2BA4-057C-42AF-B157-E407E8A8DC29}.Release|Any CPU.ActiveCfg = Release|Any CPU
		{635F2BA4-057C-42AF-B157-E407E8A8DC29}.Release|Any CPU.Build.0 = Release|Any CPU
	EndGlobalSection
	GlobalSection(SolutionProperties) = preSolution
		HideSolutionNode = FALSE
	EndGlobalSection
	GlobalSection(ExtensibilityGlobals) = postSolution
		SolutionGuid = {7A53B8DD-EB21-4A70-A600-193F7A4D5A38}
	EndGlobalSection
EndGlobal
